
Microsoft Visual Studio Solution File, Format Version 12.00
# Visual Studio Version 17
VisualStudioVersion = 17.7.34003.232
MinimumVisualStudioVersion = 10.0.40219.1
Project("{FAE04EC0-301F-11D3-BF4B-00C04F79EFBC}") = "CPF-CACL.GestaoSocio.Domain", "CPF-CACL.GestaoSocio.Domain\CPF-CACL.GestaoSocio.Domain.csproj", "{77085CFB-6058-4B9D-922C-A49AD79EF77C}"
EndProject
Project("{FAE04EC0-301F-11D3-BF4B-00C04F79EFBC}") = "CPF-CACL.GestaoSocio.Data", "CPF-CACL.GestaoSocio.Data\CPF-CACL.GestaoSocio.Data.csproj", "{F9569114-FD6A-4138-877B-AB0CFAA1FEEB}"
EndProject
Project("{FAE04EC0-301F-11D3-BF4B-00C04F79EFBC}") = "CPF-CACL.GestaoSocio.UI.MVC", "CPF-CACL.GestaoSocio.UI.MVC\CPF-CACL.GestaoSocio.UI.MVC.csproj", "{2A4306EC-6007-4549-ACA7-F902A1889036}"
EndProject
Global
	GlobalSection(SolutionConfigurationPlatforms) = preSolution
		Debug|Any CPU = Debug|Any CPU
		Release|Any CPU = Release|Any CPU
	EndGlobalSection
	GlobalSection(ProjectConfigurationPlatforms) = postSolution
		{77085CFB-6058-4B9D-922C-A49AD79EF77C}.Debug|Any CPU.ActiveCfg = Debug|Any CPU
		{77085CFB-6058-4B9D-922C-A49AD79EF77C}.Debug|Any CPU.Build.0 = Debug|Any CPU
		{77085CFB-6058-4B9D-922C-A49AD79EF77C}.Release|Any CPU.ActiveCfg = Release|Any CPU
		{77085CFB-6058-4B9D-922C-A49AD79EF77C}.Release|Any CPU.Build.0 = Release|Any CPU
		{F9569114-FD6A-4138-877B-AB0CFAA1FEEB}.Debug|Any CPU.ActiveCfg = Debug|Any CPU
		{F9569114-FD6A-4138-877B-AB0CFAA1FEEB}.Debug|Any CPU.Build.0 = Debug|Any CPU
		{F9569114-FD6A-4138-877B-AB0CFAA1FEEB}.Release|Any CPU.ActiveCfg = Release|Any CPU
		{F9569114-FD6A-4138-877B-AB0CFAA1FEEB}.Release|Any CPU.Build.0 = Release|Any CPU
		{2A4306EC-6007-4549-ACA7-F902A1889036}.Debug|Any CPU.ActiveCfg = Debug|Any CPU
		{2A4306EC-6007-4549-ACA7-F902A1889036}.Debug|Any CPU.Build.0 = Debug|Any CPU
		{2A4306EC-6007-4549-ACA7-F902A1889036}.Release|Any CPU.ActiveCfg = Release|Any CPU
		{2A4306EC-6007-4549-ACA7-F902A1889036}.Release|Any CPU.Build.0 = Release|Any CPU
	EndGlobalSection
	GlobalSection(SolutionProperties) = preSolution
		HideSolutionNode = FALSE
	EndGlobalSection
	GlobalSection(ExtensibilityGlobals) = postSolution
		SolutionGuid = {C8A6903F-798C-4CF9-B2A0-0C23A7069125}
	EndGlobalSection
EndGlobal
