
Microsoft Visual Studio Solution File, Format Version 12.00
# Visual Studio Version 17
VisualStudioVersion = 17.7.34003.232
MinimumVisualStudioVersion = 10.0.40219.1
Project("{9A19103F-16F7-4668-BE54-9A1E7A4F7556}") = "CPF-CACL.GestaoSocio.Domain", "CPF-CACL.GestaoSocio.Domain\CPF-CACL.GestaoSocio.Domain.csproj", "{77085CFB-6058-4B9D-922C-A49AD79EF77C}"
EndProject
Project("{9A19103F-16F7-4668-BE54-9A1E7A4F7556}") = "CPF-CACL.GestaoSocio.Infra.Data", "CPF-CACL.GestaoSocio.Data\CPF-CACL.GestaoSocio.Infra.Data.csproj", "{F9569114-FD6A-4138-877B-AB0CFAA1FEEB}"
EndProject
Project("{9A19103F-16F7-4668-BE54-9A1E7A4F7556}") = "CPF-CACL.GestaoSocio.UI.MVC", "CPF-CACL.GestaoSocio.UI.MVC\CPF-CACL.GestaoSocio.UI.MVC.csproj", "{8BD5F0C3-46B3-4C57-A76E-CE8A339A5B51}"
EndProject
Project("{9A19103F-16F7-4668-BE54-9A1E7A4F7556}") = "CPF-CACL.GestaoSocio.Aplication", "CPF-CACL.GestaoSocio.Aplication\CPF-CACL.GestaoSocio.Aplication.csproj", "{9B890591-CF70-4351-AC8E-452340CB6F5A}"
EndProject
Project("{2150E333-8FDC-42A3-9474-1A3956D46DE8}") = "Services", "Services", "{5A29282A-A747-46A8-A1C9-7A15E7F0E52F}"
EndProject
Project("{2150E333-8FDC-42A3-9474-1A3956D46DE8}") = "Domain", "Domain", "{4DB38A08-AC58-4D08-8788-CD1A00999F0E}"
EndProject
Project("{2150E333-8FDC-42A3-9474-1A3956D46DE8}") = "Application", "Application", "{356818E4-0828-4EC0-8766-9E6DDD3BAD02}"
EndProject
Project("{2150E333-8FDC-42A3-9474-1A3956D46DE8}") = "Infra", "Infra", "{80C0C6CB-24B1-4C8E-9565-8BE2C3FA2C91}"
EndProject
Project("{2150E333-8FDC-42A3-9474-1A3956D46DE8}") = "Data", "Data", "{DA655A63-79A1-4601-A229-F7440835657B}"
EndProject
Project("{2150E333-8FDC-42A3-9474-1A3956D46DE8}") = "CrossCuting", "CrossCuting", "{6E7DC468-D2C6-436F-8C7A-41F0E7B827EE}"
EndProject
Project("{2150E333-8FDC-42A3-9474-1A3956D46DE8}") = "UI", "UI", "{395C3526-6E62-4618-ADC9-8BA391B7AA1A}"
EndProject
Global
	GlobalSection(SolutionConfigurationPlatforms) = preSolution
		Debug|Any CPU = Debug|Any CPU
		Release|Any CPU = Release|Any CPU
	EndGlobalSection
	GlobalSection(ProjectConfigurationPlatforms) = postSolution
		{77085CFB-6058-4B9D-922C-A49AD79EF77C}.Debug|Any CPU.ActiveCfg = Debug|Any CPU
		{77085CFB-6058-4B9D-922C-A49AD79EF77C}.Debug|Any CPU.Build.0 = Debug|Any CPU
		{77085CFB-6058-4B9D-922C-A49AD79EF77C}.Release|Any CPU.ActiveCfg = Release|Any CPU
		{77085CFB-6058-4B9D-922C-A49AD79EF77C}.Release|Any CPU.Build.0 = Release|Any CPU
		{F9569114-FD6A-4138-877B-AB0CFAA1FEEB}.Debug|Any CPU.ActiveCfg = Debug|Any CPU
		{F9569114-FD6A-4138-877B-AB0CFAA1FEEB}.Debug|Any CPU.Build.0 = Debug|Any CPU
		{F9569114-FD6A-4138-877B-AB0CFAA1FEEB}.Release|Any CPU.ActiveCfg = Release|Any CPU
		{F9569114-FD6A-4138-877B-AB0CFAA1FEEB}.Release|Any CPU.Build.0 = Release|Any CPU
		{8BD5F0C3-46B3-4C57-A76E-CE8A339A5B51}.Debug|Any CPU.ActiveCfg = Debug|Any CPU
		{8BD5F0C3-46B3-4C57-A76E-CE8A339A5B51}.Debug|Any CPU.Build.0 = Debug|Any CPU
		{8BD5F0C3-46B3-4C57-A76E-CE8A339A5B51}.Release|Any CPU.ActiveCfg = Release|Any CPU
		{8BD5F0C3-46B3-4C57-A76E-CE8A339A5B51}.Release|Any CPU.Build.0 = Release|Any CPU
		{9B890591-CF70-4351-AC8E-452340CB6F5A}.Debug|Any CPU.ActiveCfg = Debug|Any CPU
		{9B890591-CF70-4351-AC8E-452340CB6F5A}.Debug|Any CPU.Build.0 = Debug|Any CPU
		{9B890591-CF70-4351-AC8E-452340CB6F5A}.Release|Any CPU.ActiveCfg = Release|Any CPU
		{9B890591-CF70-4351-AC8E-452340CB6F5A}.Release|Any CPU.Build.0 = Release|Any CPU
	EndGlobalSection
	GlobalSection(SolutionProperties) = preSolution
		HideSolutionNode = FALSE
	EndGlobalSection
	GlobalSection(NestedProjects) = preSolution
		{77085CFB-6058-4B9D-922C-A49AD79EF77C} = {4DB38A08-AC58-4D08-8788-CD1A00999F0E}
		{F9569114-FD6A-4138-877B-AB0CFAA1FEEB} = {DA655A63-79A1-4601-A229-F7440835657B}
		{8BD5F0C3-46B3-4C57-A76E-CE8A339A5B51} = {395C3526-6E62-4618-ADC9-8BA391B7AA1A}
		{9B890591-CF70-4351-AC8E-452340CB6F5A} = {356818E4-0828-4EC0-8766-9E6DDD3BAD02}
		{4DB38A08-AC58-4D08-8788-CD1A00999F0E} = {5A29282A-A747-46A8-A1C9-7A15E7F0E52F}
		{356818E4-0828-4EC0-8766-9E6DDD3BAD02} = {5A29282A-A747-46A8-A1C9-7A15E7F0E52F}
		{80C0C6CB-24B1-4C8E-9565-8BE2C3FA2C91} = {5A29282A-A747-46A8-A1C9-7A15E7F0E52F}
		{DA655A63-79A1-4601-A229-F7440835657B} = {80C0C6CB-24B1-4C8E-9565-8BE2C3FA2C91}
		{6E7DC468-D2C6-436F-8C7A-41F0E7B827EE} = {80C0C6CB-24B1-4C8E-9565-8BE2C3FA2C91}
		{395C3526-6E62-4618-ADC9-8BA391B7AA1A} = {5A29282A-A747-46A8-A1C9-7A15E7F0E52F}
	EndGlobalSection
	GlobalSection(ExtensibilityGlobals) = postSolution
		SolutionGuid = {C8A6903F-798C-4CF9-B2A0-0C23A7069125}
	EndGlobalSection
EndGlobal
